// !$*UTF8*$!
{
	archiveVersion = 1;
	classes = {
	};
	objectVersion = 48;
	objects = {

/* Begin PBXBuildFile section */
		181B5DD320510E4500C3F503 /* AppDelegate.swift in Sources */ = {isa = PBXBuildFile; fileRef = 181B5DD220510E4500C3F503 /* AppDelegate.swift */; };
		181B5DD520510E4500C3F503 /* ViewController.swift in Sources */ = {isa = PBXBuildFile; fileRef = 181B5DD420510E4500C3F503 /* ViewController.swift */; };
		181B5DDA20510E4500C3F503 /* Assets.xcassets in Resources */ = {isa = PBXBuildFile; fileRef = 181B5DD920510E4500C3F503 /* Assets.xcassets */; };
		181B5DDD20510E4500C3F503 /* LaunchScreen.storyboard in Resources */ = {isa = PBXBuildFile; fileRef = 181B5DDB20510E4500C3F503 /* LaunchScreen.storyboard */; };
		181B5DE620521E1900C3F503 /* VersionAPIDAO.swift in Sources */ = {isa = PBXBuildFile; fileRef = 181B5DE520521E1900C3F503 /* VersionAPIDAO.swift */; };
		1893058E205222220029CD49 /* APIProcess.swift in Sources */ = {isa = PBXBuildFile; fileRef = 1893058D205222220029CD49 /* APIProcess.swift */; };
		189305902052225E0029CD49 /* ImageRep.swift in Sources */ = {isa = PBXBuildFile; fileRef = 1893058F2052225E0029CD49 /* ImageRep.swift */; };
		18930593205232FA0029CD49 /* xc111_1080.png in Resources */ = {isa = PBXBuildFile; fileRef = 18930592205232FA0029CD49 /* xc111_1080.png */; };
		A926843EEDE53303C82CF71D /* Pods_XCwebview.framework in Frameworks */ = {isa = PBXBuildFile; fileRef = 02CA8FC24F21FA957EB39EC5 /* Pods_XCwebview.framework */; };
/* End PBXBuildFile section */

/* Begin PBXFileReference section */
		02CA8FC24F21FA957EB39EC5 /* Pods_XCwebview.framework */ = {isa = PBXFileReference; explicitFileType = wrapper.framework; includeInIndex = 0; path = Pods_XCwebview.framework; sourceTree = BUILT_PRODUCTS_DIR; };
		181B5DCF20510E4500C3F503 /* XCwebview.app */ = {isa = PBXFileReference; explicitFileType = wrapper.application; includeInIndex = 0; path = XCwebview.app; sourceTree = BUILT_PRODUCTS_DIR; };
		181B5DD220510E4500C3F503 /* AppDelegate.swift */ = {isa = PBXFileReference; lastKnownFileType = sourcecode.swift; path = AppDelegate.swift; sourceTree = "<group>"; };
		181B5DD420510E4500C3F503 /* ViewController.swift */ = {isa = PBXFileReference; lastKnownFileType = sourcecode.swift; path = ViewController.swift; sourceTree = "<group>"; };
		181B5DD920510E4500C3F503 /* Assets.xcassets */ = {isa = PBXFileReference; lastKnownFileType = folder.assetcatalog; path = Assets.xcassets; sourceTree = "<group>"; };
		181B5DDC20510E4500C3F503 /* Base */ = {isa = PBXFileReference; lastKnownFileType = file.storyboard; name = Base; path = Base.lproj/LaunchScreen.storyboard; sourceTree = "<group>"; };
		181B5DDE20510E4500C3F503 /* Info.plist */ = {isa = PBXFileReference; lastKnownFileType = text.plist.xml; path = Info.plist; sourceTree = "<group>"; };
		181B5DE520521E1900C3F503 /* VersionAPIDAO.swift */ = {isa = PBXFileReference; lastKnownFileType = sourcecode.swift; path = VersionAPIDAO.swift; sourceTree = "<group>"; };
		1893058D205222220029CD49 /* APIProcess.swift */ = {isa = PBXFileReference; lastKnownFileType = sourcecode.swift; path = APIProcess.swift; sourceTree = "<group>"; };
		1893058F2052225E0029CD49 /* ImageRep.swift */ = {isa = PBXFileReference; lastKnownFileType = sourcecode.swift; path = ImageRep.swift; sourceTree = "<group>"; };
		18930592205232FA0029CD49 /* xc111_1080.png */ = {isa = PBXFileReference; lastKnownFileType = image.png; name = xc111_1080.png; path = img/xc111_1080.png; sourceTree = SOURCE_ROOT; };
		5665E3B1E3A4578FA15B4AAD /* Pods-XCwebview.release.xcconfig */ = {isa = PBXFileReference; includeInIndex = 1; lastKnownFileType = text.xcconfig; name = "Pods-XCwebview.release.xcconfig"; path = "Pods/Target Support Files/Pods-XCwebview/Pods-XCwebview.release.xcconfig"; sourceTree = "<group>"; };
		FC5F23CDF960994AAEEC874C /* Pods-XCwebview.debug.xcconfig */ = {isa = PBXFileReference; includeInIndex = 1; lastKnownFileType = text.xcconfig; name = "Pods-XCwebview.debug.xcconfig"; path = "Pods/Target Support Files/Pods-XCwebview/Pods-XCwebview.debug.xcconfig"; sourceTree = "<group>"; };
/* End PBXFileReference section */

/* Begin PBXFrameworksBuildPhase section */
		181B5DCC20510E4500C3F503 /* Frameworks */ = {
			isa = PBXFrameworksBuildPhase;
			buildActionMask = 2147483647;
			files = (
				A926843EEDE53303C82CF71D /* Pods_XCwebview.framework in Frameworks */,
			);
			runOnlyForDeploymentPostprocessing = 0;
		};
/* End PBXFrameworksBuildPhase section */

/* Begin PBXGroup section */
		181B5DC620510E4500C3F503 = {
			isa = PBXGroup;
			children = (
				18930591205232D70029CD49 /* img */,
				181B5DE420521DEB00C3F503 /* api */,
				181B5DD120510E4500C3F503 /* XCwebview */,
				181B5DD020510E4500C3F503 /* Products */,
				C5480ABB8D3200ACFE7AB8FB /* Pods */,
				A5A22B5BE0576A4860F814CE /* Frameworks */,
			);
			sourceTree = "<group>";
		};
		181B5DD020510E4500C3F503 /* Products */ = {
			isa = PBXGroup;
			children = (
				181B5DCF20510E4500C3F503 /* XCwebview.app */,
			);
			name = Products;
			sourceTree = "<group>";
		};
		181B5DD120510E4500C3F503 /* XCwebview */ = {
			isa = PBXGroup;
			children = (
				181B5DD220510E4500C3F503 /* AppDelegate.swift */,
				181B5DD420510E4500C3F503 /* ViewController.swift */,
				181B5DD920510E4500C3F503 /* Assets.xcassets */,
				181B5DDB20510E4500C3F503 /* LaunchScreen.storyboard */,
				181B5DDE20510E4500C3F503 /* Info.plist */,
			);
			path = XCwebview;
			sourceTree = "<group>";
		};
		181B5DE420521DEB00C3F503 /* api */ = {
			isa = PBXGroup;
			children = (
				181B5DE520521E1900C3F503 /* VersionAPIDAO.swift */,
				1893058D205222220029CD49 /* APIProcess.swift */,
				1893058F2052225E0029CD49 /* ImageRep.swift */,
			);
			path = api;
			sourceTree = "<group>";
		};
		18930591205232D70029CD49 /* img */ = {
			isa = PBXGroup;
			children = (
				18930592205232FA0029CD49 /* xc111_1080.png */,
			);
			path = img;
			sourceTree = "<group>";
		};
		A5A22B5BE0576A4860F814CE /* Frameworks */ = {
			isa = PBXGroup;
			children = (
				02CA8FC24F21FA957EB39EC5 /* Pods_XCwebview.framework */,
			);
			name = Frameworks;
			sourceTree = "<group>";
		};
		C5480ABB8D3200ACFE7AB8FB /* Pods */ = {
			isa = PBXGroup;
			children = (
				FC5F23CDF960994AAEEC874C /* Pods-XCwebview.debug.xcconfig */,
				5665E3B1E3A4578FA15B4AAD /* Pods-XCwebview.release.xcconfig */,
			);
			name = Pods;
			sourceTree = "<group>";
		};
/* End PBXGroup section */

/* Begin PBXNativeTarget section */
		181B5DCE20510E4500C3F503 /* XCwebview */ = {
			isa = PBXNativeTarget;
			buildConfigurationList = 181B5DE120510E4500C3F503 /* Build configuration list for PBXNativeTarget "XCwebview" */;
			buildPhases = (
				CE7F3CEC81994AEE6AE30866 /* [CP] Check Pods Manifest.lock */,
				181B5DCB20510E4500C3F503 /* Sources */,
				181B5DCC20510E4500C3F503 /* Frameworks */,
				181B5DCD20510E4500C3F503 /* Resources */,
				2CC02536041E2D7FD86D7D34 /* [CP] Embed Pods Frameworks */,
				B0C7FD4A768B1F404FAF2DEB /* [CP] Copy Pods Resources */,
			);
			buildRules = (
			);
			dependencies = (
			);
			name = XCwebview;
			productName = XCwebview;
			productReference = 181B5DCF20510E4500C3F503 /* XCwebview.app */;
			productType = "com.apple.product-type.application";
		};
/* End PBXNativeTarget section */

/* Begin PBXProject section */
		181B5DC720510E4500C3F503 /* Project object */ = {
			isa = PBXProject;
			attributes = {
				LastSwiftUpdateCheck = 0920;
				LastUpgradeCheck = 0920;
				ORGANIZATIONNAME = Hankho;
				TargetAttributes = {
					181B5DCE20510E4500C3F503 = {
						CreatedOnToolsVersion = 9.2;
						ProvisioningStyle = Automatic;
					};
				};
			};
			buildConfigurationList = 181B5DCA20510E4500C3F503 /* Build configuration list for PBXProject "XCwebview" */;
			compatibilityVersion = "Xcode 8.0";
			developmentRegion = en;
			hasScannedForEncodings = 0;
			knownRegions = (
				en,
				Base,
			);
			mainGroup = 181B5DC620510E4500C3F503;
			productRefGroup = 181B5DD020510E4500C3F503 /* Products */;
			projectDirPath = "";
			projectRoot = "";
			targets = (
				181B5DCE20510E4500C3F503 /* XCwebview */,
			);
		};
/* End PBXProject section */

/* Begin PBXResourcesBuildPhase section */
		181B5DCD20510E4500C3F503 /* Resources */ = {
			isa = PBXResourcesBuildPhase;
			buildActionMask = 2147483647;
			files = (
				181B5DDD20510E4500C3F503 /* LaunchScreen.storyboard in Resources */,
				181B5DDA20510E4500C3F503 /* Assets.xcassets in Resources */,
				18930593205232FA0029CD49 /* xc111_1080.png in Resources */,
			);
			runOnlyForDeploymentPostprocessing = 0;
		};
/* End PBXResourcesBuildPhase section */

/* Begin PBXShellScriptBuildPhase section */
		2CC02536041E2D7FD86D7D34 /* [CP] Embed Pods Frameworks */ = {
			isa = PBXShellScriptBuildPhase;
			buildActionMask = 2147483647;
			files = (
			);
			inputPaths = (
				"${SRCROOT}/Pods/Target Support Files/Pods-XCwebview/Pods-XCwebview-frameworks.sh",
				"${BUILT_PRODUCTS_DIR}/ObjectMapper/ObjectMapper.framework",
			);
			name = "[CP] Embed Pods Frameworks";
			outputPaths = (
				"${TARGET_BUILD_DIR}/${FRAMEWORKS_FOLDER_PATH}/ObjectMapper.framework",
			);
			runOnlyForDeploymentPostprocessing = 0;
			shellPath = /bin/sh;
			shellScript = "\"${SRCROOT}/Pods/Target Support Files/Pods-XCwebview/Pods-XCwebview-frameworks.sh\"\n";
			showEnvVarsInLog = 0;
		};
		B0C7FD4A768B1F404FAF2DEB /* [CP] Copy Pods Resources */ = {
			isa = PBXShellScriptBuildPhase;
			buildActionMask = 2147483647;
			files = (
			);
			inputPaths = (
			);
			name = "[CP] Copy Pods Resources";
			outputPaths = (
			);
			runOnlyForDeploymentPostprocessing = 0;
			shellPath = /bin/sh;
			shellScript = "\"${SRCROOT}/Pods/Target Support Files/Pods-XCwebview/Pods-XCwebview-resources.sh\"\n";
			showEnvVarsInLog = 0;
		};
		CE7F3CEC81994AEE6AE30866 /* [CP] Check Pods Manifest.lock */ = {
			isa = PBXShellScriptBuildPhase;
			buildActionMask = 2147483647;
			files = (
			);
			inputPaths = (
				"${PODS_PODFILE_DIR_PATH}/Podfile.lock",
				"${PODS_ROOT}/Manifest.lock",
			);
			name = "[CP] Check Pods Manifest.lock";
			outputPaths = (
				"$(DERIVED_FILE_DIR)/Pods-XCwebview-checkManifestLockResult.txt",
			);
			runOnlyForDeploymentPostprocessing = 0;
			shellPath = /bin/sh;
			shellScript = "diff \"${PODS_PODFILE_DIR_PATH}/Podfile.lock\" \"${PODS_ROOT}/Manifest.lock\" > /dev/null\nif [ $? != 0 ] ; then\n    # print error to STDERR\n    echo \"error: The sandbox is not in sync with the Podfile.lock. Run 'pod install' or update your CocoaPods installation.\" >&2\n    exit 1\nfi\n# This output is used by Xcode 'outputs' to avoid re-running this script phase.\necho \"SUCCESS\" > \"${SCRIPT_OUTPUT_FILE_0}\"\n";
			showEnvVarsInLog = 0;
		};
/* End PBXShellScriptBuildPhase section */

/* Begin PBXSourcesBuildPhase section */
		181B5DCB20510E4500C3F503 /* Sources */ = {
			isa = PBXSourcesBuildPhase;
			buildActionMask = 2147483647;
			files = (
				189305902052225E0029CD49 /* ImageRep.swift in Sources */,
				1893058E205222220029CD49 /* APIProcess.swift in Sources */,
				181B5DD520510E4500C3F503 /* ViewController.swift in Sources */,
				181B5DE620521E1900C3F503 /* VersionAPIDAO.swift in Sources */,
				181B5DD320510E4500C3F503 /* AppDelegate.swift in Sources */,
			);
			runOnlyForDeploymentPostprocessing = 0;
		};
/* End PBXSourcesBuildPhase section */

/* Begin PBXVariantGroup section */
		181B5DDB20510E4500C3F503 /* LaunchScreen.storyboard */ = {
			isa = PBXVariantGroup;
			children = (
				181B5DDC20510E4500C3F503 /* Base */,
			);
			name = LaunchScreen.storyboard;
			sourceTree = "<group>";
		};
/* End PBXVariantGroup section */

/* Begin XCBuildConfiguration section */
		181B5DDF20510E4500C3F503 /* Debug */ = {
			isa = XCBuildConfiguration;
			buildSettings = {
				ALWAYS_SEARCH_USER_PATHS = NO;
				CLANG_ANALYZER_NONNULL = YES;
				CLANG_ANALYZER_NUMBER_OBJECT_CONVERSION = YES_AGGRESSIVE;
				CLANG_CXX_LANGUAGE_STANDARD = "gnu++14";
				CLANG_CXX_LIBRARY = "libc++";
				CLANG_ENABLE_MODULES = YES;
				CLANG_ENABLE_OBJC_ARC = YES;
				CLANG_WARN_BLOCK_CAPTURE_AUTORELEASING = YES;
				CLANG_WARN_BOOL_CONVERSION = YES;
				CLANG_WARN_COMMA = YES;
				CLANG_WARN_CONSTANT_CONVERSION = YES;
				CLANG_WARN_DIRECT_OBJC_ISA_USAGE = YES_ERROR;
				CLANG_WARN_DOCUMENTATION_COMMENTS = YES;
				CLANG_WARN_EMPTY_BODY = YES;
				CLANG_WARN_ENUM_CONVERSION = YES;
				CLANG_WARN_INFINITE_RECURSION = YES;
				CLANG_WARN_INT_CONVERSION = YES;
				CLANG_WARN_NON_LITERAL_NULL_CONVERSION = YES;
				CLANG_WARN_OBJC_LITERAL_CONVERSION = YES;
				CLANG_WARN_OBJC_ROOT_CLASS = YES_ERROR;
				CLANG_WARN_RANGE_LOOP_ANALYSIS = YES;
				CLANG_WARN_STRICT_PROTOTYPES = YES;
				CLANG_WARN_SUSPICIOUS_MOVE = YES;
				CLANG_WARN_UNGUARDED_AVAILABILITY = YES_AGGRESSIVE;
				CLANG_WARN_UNREACHABLE_CODE = YES;
				CLANG_WARN__DUPLICATE_METHOD_MATCH = YES;
				CODE_SIGN_IDENTITY = "iPhone Developer";
				COPY_PHASE_STRIP = NO;
				DEBUG_INFORMATION_FORMAT = dwarf;
				ENABLE_STRICT_OBJC_MSGSEND = YES;
				ENABLE_TESTABILITY = YES;
				GCC_C_LANGUAGE_STANDARD = gnu11;
				GCC_DYNAMIC_NO_PIC = NO;
				GCC_NO_COMMON_BLOCKS = YES;
				GCC_OPTIMIZATION_LEVEL = 0;
				GCC_PREPROCESSOR_DEFINITIONS = (
					"DEBUG=1",
					"$(inherited)",
				);
				GCC_WARN_64_TO_32_BIT_CONVERSION = YES;
				GCC_WARN_ABOUT_RETURN_TYPE = YES_ERROR;
				GCC_WARN_UNDECLARED_SELECTOR = YES;
				GCC_WARN_UNINITIALIZED_AUTOS = YES_AGGRESSIVE;
				GCC_WARN_UNUSED_FUNCTION = YES;
				GCC_WARN_UNUSED_VARIABLE = YES;
				IPHONEOS_DEPLOYMENT_TARGET = 11.2;
				MTL_ENABLE_DEBUG_INFO = YES;
				ONLY_ACTIVE_ARCH = YES;
				SDKROOT = iphoneos;
				SWIFT_ACTIVE_COMPILATION_CONDITIONS = DEBUG;
				SWIFT_OPTIMIZATION_LEVEL = "-Onone";
			};
			name = Debug;
		};
		181B5DE020510E4500C3F503 /* Release */ = {
			isa = XCBuildConfiguration;
			buildSettings = {
				ALWAYS_SEARCH_USER_PATHS = NO;
				CLANG_ANALYZER_NONNULL = YES;
				CLANG_ANALYZER_NUMBER_OBJECT_CONVERSION = YES_AGGRESSIVE;
				CLANG_CXX_LANGUAGE_STANDARD = "gnu++14";
				CLANG_CXX_LIBRARY = "libc++";
				CLANG_ENABLE_MODULES = YES;
				CLANG_ENABLE_OBJC_ARC = YES;
				CLANG_WARN_BLOCK_CAPTURE_AUTORELEASING = YES;
				CLANG_WARN_BOOL_CONVERSION = YES;
				CLANG_WARN_COMMA = YES;
				CLANG_WARN_CONSTANT_CONVERSION = YES;
				CLANG_WARN_DIRECT_OBJC_ISA_USAGE = YES_ERROR;
				CLANG_WARN_DOCUMENTATION_COMMENTS = YES;
				CLANG_WARN_EMPTY_BODY = YES;
				CLANG_WARN_ENUM_CONVERSION = YES;
				CLANG_WARN_INFINITE_RECURSION = YES;
				CLANG_WARN_INT_CONVERSION = YES;
				CLANG_WARN_NON_LITERAL_NULL_CONVERSION = YES;
				CLANG_WARN_OBJC_LITERAL_CONVERSION = YES;
				CLANG_WARN_OBJC_ROOT_CLASS = YES_ERROR;
				CLANG_WARN_RANGE_LOOP_ANALYSIS = YES;
				CLANG_WARN_STRICT_PROTOTYPES = YES;
				CLANG_WARN_SUSPICIOUS_MOVE = YES;
				CLANG_WARN_UNGUARDED_AVAILABILITY = YES_AGGRESSIVE;
				CLANG_WARN_UNREACHABLE_CODE = YES;
				CLANG_WARN__DUPLICATE_METHOD_MATCH = YES;
				CODE_SIGN_IDENTITY = "iPhone Developer";
				COPY_PHASE_STRIP = NO;
				DEBUG_INFORMATION_FORMAT = "dwarf-with-dsym";
				ENABLE_NS_ASSERTIONS = NO;
				ENABLE_STRICT_OBJC_MSGSEND = YES;
				GCC_C_LANGUAGE_STANDARD = gnu11;
				GCC_NO_COMMON_BLOCKS = YES;
				GCC_WARN_64_TO_32_BIT_CONVERSION = YES;
				GCC_WARN_ABOUT_RETURN_TYPE = YES_ERROR;
				GCC_WARN_UNDECLARED_SELECTOR = YES;
				GCC_WARN_UNINITIALIZED_AUTOS = YES_AGGRESSIVE;
				GCC_WARN_UNUSED_FUNCTION = YES;
				GCC_WARN_UNUSED_VARIABLE = YES;
				IPHONEOS_DEPLOYMENT_TARGET = 11.2;
				MTL_ENABLE_DEBUG_INFO = NO;
				SDKROOT = iphoneos;
				SWIFT_OPTIMIZATION_LEVEL = "-Owholemodule";
				VALIDATE_PRODUCT = YES;
			};
			name = Release;
		};
		181B5DE220510E4500C3F503 /* Debug */ = {
			isa = XCBuildConfiguration;
			baseConfigurationReference = FC5F23CDF960994AAEEC874C /* Pods-XCwebview.debug.xcconfig */;
			buildSettings = {
				ASSETCATALOG_COMPILER_APPICON_NAME = AppIcon;
				CODE_SIGN_STYLE = Automatic;
				INFOPLIST_FILE = XCwebview/Info.plist;
				LD_RUNPATH_SEARCH_PATHS = "$(inherited) @executable_path/Frameworks";
				PRODUCT_BUNDLE_IDENTIFIER = com.example.XCwebview;
				PRODUCT_NAME = "$(TARGET_NAME)";
				SWIFT_VERSION = 4.0;
				TARGETED_DEVICE_FAMILY = "1,2";
			};
			name = Debug;
		};
		181B5DE320510E4500C3F503 /* Release */ = {
			isa = XCBuildConfiguration;
			baseConfigurationReference = 5665E3B1E3A4578FA15B4AAD /* Pods-XCwebview.release.xcconfig */;
			buildSettings = {
				ASSETCATALOG_COMPILER_APPICON_NAME = AppIcon;
				CODE_SIGN_STYLE = Automatic;
				INFOPLIST_FILE = XCwebview/Info.plist;
				LD_RUNPATH_SEARCH_PATHS = "$(inherited) @executable_path/Frameworks";
				PRODUCT_BUNDLE_IDENTIFIER = com.example.XCwebview;
				PRODUCT_NAME = "$(TARGET_NAME)";
				SWIFT_VERSION = 4.0;
				TARGETED_DEVICE_FAMILY = "1,2";
			};
			name = Release;
		};
/* End XCBuildConfiguration section */

/* Begin XCConfigurationList section */
		181B5DCA20510E4500C3F503 /* Build configuration list for PBXProject "XCwebview" */ = {
			isa = XCConfigurationList;
			buildConfigurations = (
				181B5DDF20510E4500C3F503 /* Debug */,
				181B5DE020510E4500C3F503 /* Release */,
			);
			defaultConfigurationIsVisible = 0;
			defaultConfigurationName = Release;
		};
		181B5DE120510E4500C3F503 /* Build configuration list for PBXNativeTarget "XCwebview" */ = {
			isa = XCConfigurationList;
			buildConfigurations = (
				181B5DE220510E4500C3F503 /* Debug */,
				181B5DE320510E4500C3F503 /* Release */,
			);
			defaultConfigurationIsVisible = 0;
			defaultConfigurationName = Release;
		};
/* End XCConfigurationList section */
	};
	rootObject = 181B5DC720510E4500C3F503 /* Project object */;
}
